
Microsoft Visual Studio Solution File, Format Version 12.00
# Visual Studio Version 17
VisualStudioVersion = 17.1.32319.34
MinimumVisualStudioVersion = 10.0.40219.1
Project("{FAE04EC0-301F-11D3-BF4B-00C04F79EFBC}") = "MyDev", "MyDev.csproj", "{C0211B71-5C74-4DCE-8744-01F5794AD4F8}"
EndProject
Project("{9A19103F-16F7-4668-BE54-9A1E7A4F7556}") = "webviewApp", "C:\Users\ianch\source\repos\webviewApp\webviewApp.csproj", "{B648DAC5-2D57-4BEF-B35E-0BB4BD814EF8}"
EndProject
Project("{9A19103F-16F7-4668-BE54-9A1E7A4F7556}") = "MyDevLibrary", "..\Users\ianch\source\repos\MyDevLibrary\MyDevLibrary.csproj", "{AFF1F444-375A-4768-9708-8353B44C25F9}"
EndProject
Project("{9A19103F-16F7-4668-BE54-9A1E7A4F7556}") = "MyWinuiApp", "..\Users\ianch\source\repos\MyWinuiApp\MyWinuiApp.csproj", "{FBDF3AB9-AA95-4AE2-823C-EBD937581F0D}"
EndProject
Project("{FAE04EC0-301F-11D3-BF4B-00C04F79EFBC}") = "WpfCustomControlLibrary1", "..\Users\ianch\source\repos\WpfCustomControlLibrary1\WpfCustomControlLibrary1.csproj", "{ACA5A17D-55DA-4B59-BCFD-6AEDC9F5AE10}"
EndProject
Global
	GlobalSection(SolutionConfigurationPlatforms) = preSolution
		Debug|Any CPU = Debug|Any CPU
		Debug|arm64 = Debug|arm64
		Debug|x64 = Debug|x64
		Debug|x86 = Debug|x86
		Release|Any CPU = Release|Any CPU
		Release|arm64 = Release|arm64
		Release|x64 = Release|x64
		Release|x86 = Release|x86
	EndGlobalSection
	GlobalSection(ProjectConfigurationPlatforms) = postSolution
		{C0211B71-5C74-4DCE-8744-01F5794AD4F8}.Debug|Any CPU.ActiveCfg = Debug|Any CPU
		{C0211B71-5C74-4DCE-8744-01F5794AD4F8}.Debug|Any CPU.Build.0 = Debug|Any CPU
		{C0211B71-5C74-4DCE-8744-01F5794AD4F8}.Debug|arm64.ActiveCfg = Debug|Any CPU
		{C0211B71-5C74-4DCE-8744-01F5794AD4F8}.Debug|arm64.Build.0 = Debug|Any CPU
		{C0211B71-5C74-4DCE-8744-01F5794AD4F8}.Debug|x64.ActiveCfg = Debug|x64
		{C0211B71-5C74-4DCE-8744-01F5794AD4F8}.Debug|x64.Build.0 = Debug|x64
		{C0211B71-5C74-4DCE-8744-01F5794AD4F8}.Debug|x86.ActiveCfg = Debug|Win32
		{C0211B71-5C74-4DCE-8744-01F5794AD4F8}.Debug|x86.Build.0 = Debug|Win32
		{C0211B71-5C74-4DCE-8744-01F5794AD4F8}.Release|Any CPU.ActiveCfg = Release|Any CPU
		{C0211B71-5C74-4DCE-8744-01F5794AD4F8}.Release|Any CPU.Build.0 = Release|Any CPU
		{C0211B71-5C74-4DCE-8744-01F5794AD4F8}.Release|arm64.ActiveCfg = Release|Any CPU
		{C0211B71-5C74-4DCE-8744-01F5794AD4F8}.Release|arm64.Build.0 = Release|Any CPU
		{C0211B71-5C74-4DCE-8744-01F5794AD4F8}.Release|x64.ActiveCfg = Release|x64
		{C0211B71-5C74-4DCE-8744-01F5794AD4F8}.Release|x64.Build.0 = Release|x64
		{C0211B71-5C74-4DCE-8744-01F5794AD4F8}.Release|x86.ActiveCfg = Release|Win32
		{C0211B71-5C74-4DCE-8744-01F5794AD4F8}.Release|x86.Build.0 = Release|Win32
		{B648DAC5-2D57-4BEF-B35E-0BB4BD814EF8}.Debug|Any CPU.ActiveCfg = Debug|Any CPU
		{B648DAC5-2D57-4BEF-B35E-0BB4BD814EF8}.Debug|Any CPU.Build.0 = Debug|Any CPU
		{B648DAC5-2D57-4BEF-B35E-0BB4BD814EF8}.Debug|arm64.ActiveCfg = Debug|Any CPU
		{B648DAC5-2D57-4BEF-B35E-0BB4BD814EF8}.Debug|x64.ActiveCfg = Debug|Any CPU
		{B648DAC5-2D57-4BEF-B35E-0BB4BD814EF8}.Debug|x64.Build.0 = Debug|Any CPU
		{B648DAC5-2D57-4BEF-B35E-0BB4BD814EF8}.Debug|x86.ActiveCfg = Debug|Any CPU
		{B648DAC5-2D57-4BEF-B35E-0BB4BD814EF8}.Release|Any CPU.ActiveCfg = Release|Any CPU
		{B648DAC5-2D57-4BEF-B35E-0BB4BD814EF8}.Release|Any CPU.Build.0 = Release|Any CPU
		{B648DAC5-2D57-4BEF-B35E-0BB4BD814EF8}.Release|arm64.ActiveCfg = Release|Any CPU
		{B648DAC5-2D57-4BEF-B35E-0BB4BD814EF8}.Release|x64.ActiveCfg = Release|Any CPU
		{B648DAC5-2D57-4BEF-B35E-0BB4BD814EF8}.Release|x64.Build.0 = Release|Any CPU
		{B648DAC5-2D57-4BEF-B35E-0BB4BD814EF8}.Release|x86.ActiveCfg = Release|Any CPU
		{AFF1F444-375A-4768-9708-8353B44C25F9}.Debug|Any CPU.ActiveCfg = Debug|Any CPU
		{AFF1F444-375A-4768-9708-8353B44C25F9}.Debug|Any CPU.Build.0 = Debug|Any CPU
		{AFF1F444-375A-4768-9708-8353B44C25F9}.Debug|arm64.ActiveCfg = Debug|Any CPU
		{AFF1F444-375A-4768-9708-8353B44C25F9}.Debug|arm64.Build.0 = Debug|Any CPU
		{AFF1F444-375A-4768-9708-8353B44C25F9}.Debug|x64.ActiveCfg = Debug|Any CPU
		{AFF1F444-375A-4768-9708-8353B44C25F9}.Debug|x64.Build.0 = Debug|Any CPU
		{AFF1F444-375A-4768-9708-8353B44C25F9}.Debug|x86.ActiveCfg = Debug|Any CPU
		{AFF1F444-375A-4768-9708-8353B44C25F9}.Debug|x86.Build.0 = Debug|Any CPU
		{AFF1F444-375A-4768-9708-8353B44C25F9}.Release|Any CPU.ActiveCfg = Release|Any CPU
		{AFF1F444-375A-4768-9708-8353B44C25F9}.Release|Any CPU.Build.0 = Release|Any CPU
		{AFF1F444-375A-4768-9708-8353B44C25F9}.Release|arm64.ActiveCfg = Release|Any CPU
		{AFF1F444-375A-4768-9708-8353B44C25F9}.Release|arm64.Build.0 = Release|Any CPU
		{AFF1F444-375A-4768-9708-8353B44C25F9}.Release|x64.ActiveCfg = Release|Any CPU
		{AFF1F444-375A-4768-9708-8353B44C25F9}.Release|x64.Build.0 = Release|Any CPU
		{AFF1F444-375A-4768-9708-8353B44C25F9}.Release|x86.ActiveCfg = Release|Any CPU
		{AFF1F444-375A-4768-9708-8353B44C25F9}.Release|x86.Build.0 = Release|Any CPU
		{FBDF3AB9-AA95-4AE2-823C-EBD937581F0D}.Debug|Any CPU.ActiveCfg = Debug|x64
		{FBDF3AB9-AA95-4AE2-823C-EBD937581F0D}.Debug|Any CPU.Build.0 = Debug|x64
		{FBDF3AB9-AA95-4AE2-823C-EBD937581F0D}.Debug|arm64.ActiveCfg = Debug|arm64
		{FBDF3AB9-AA95-4AE2-823C-EBD937581F0D}.Debug|arm64.Build.0 = Debug|arm64
		{FBDF3AB9-AA95-4AE2-823C-EBD937581F0D}.Debug|x64.ActiveCfg = Debug|x64
		{FBDF3AB9-AA95-4AE2-823C-EBD937581F0D}.Debug|x64.Build.0 = Debug|x64
		{FBDF3AB9-AA95-4AE2-823C-EBD937581F0D}.Debug|x86.ActiveCfg = Debug|x86
		{FBDF3AB9-AA95-4AE2-823C-EBD937581F0D}.Debug|x86.Build.0 = Debug|x86
		{FBDF3AB9-AA95-4AE2-823C-EBD937581F0D}.Release|Any CPU.ActiveCfg = Release|x64
		{FBDF3AB9-AA95-4AE2-823C-EBD937581F0D}.Release|Any CPU.Build.0 = Release|x64
		{FBDF3AB9-AA95-4AE2-823C-EBD937581F0D}.Release|arm64.ActiveCfg = Release|arm64
		{FBDF3AB9-AA95-4AE2-823C-EBD937581F0D}.Release|arm64.Build.0 = Release|arm64
		{FBDF3AB9-AA95-4AE2-823C-EBD937581F0D}.Release|x64.ActiveCfg = Release|x64
		{FBDF3AB9-AA95-4AE2-823C-EBD937581F0D}.Release|x64.Build.0 = Release|x64
		{FBDF3AB9-AA95-4AE2-823C-EBD937581F0D}.Release|x86.ActiveCfg = Release|x86
		{FBDF3AB9-AA95-4AE2-823C-EBD937581F0D}.Release|x86.Build.0 = Release|x86
		{ACA5A17D-55DA-4B59-BCFD-6AEDC9F5AE10}.Debug|Any CPU.ActiveCfg = Debug|Any CPU
		{ACA5A17D-55DA-4B59-BCFD-6AEDC9F5AE10}.Debug|Any CPU.Build.0 = Debug|Any CPU
		{ACA5A17D-55DA-4B59-BCFD-6AEDC9F5AE10}.Debug|arm64.ActiveCfg = Debug|Any CPU
		{ACA5A17D-55DA-4B59-BCFD-6AEDC9F5AE10}.Debug|arm64.Build.0 = Debug|Any CPU
		{ACA5A17D-55DA-4B59-BCFD-6AEDC9F5AE10}.Debug|x64.ActiveCfg = Debug|Any CPU
		{ACA5A17D-55DA-4B59-BCFD-6AEDC9F5AE10}.Debug|x64.Build.0 = Debug|Any CPU
		{ACA5A17D-55DA-4B59-BCFD-6AEDC9F5AE10}.Debug|x86.ActiveCfg = Debug|Any CPU
		{ACA5A17D-55DA-4B59-BCFD-6AEDC9F5AE10}.Debug|x86.Build.0 = Debug|Any CPU
		{ACA5A17D-55DA-4B59-BCFD-6AEDC9F5AE10}.Release|Any CPU.ActiveCfg = Release|Any CPU
		{ACA5A17D-55DA-4B59-BCFD-6AEDC9F5AE10}.Release|Any CPU.Build.0 = Release|Any CPU
		{ACA5A17D-55DA-4B59-BCFD-6AEDC9F5AE10}.Release|arm64.ActiveCfg = Release|Any CPU
		{ACA5A17D-55DA-4B59-BCFD-6AEDC9F5AE10}.Release|arm64.Build.0 = Release|Any CPU
		{ACA5A17D-55DA-4B59-BCFD-6AEDC9F5AE10}.Release|x64.ActiveCfg = Release|Any CPU
		{ACA5A17D-55DA-4B59-BCFD-6AEDC9F5AE10}.Release|x64.Build.0 = Release|Any CPU
		{ACA5A17D-55DA-4B59-BCFD-6AEDC9F5AE10}.Release|x86.ActiveCfg = Release|Any CPU
		{ACA5A17D-55DA-4B59-BCFD-6AEDC9F5AE10}.Release|x86.Build.0 = Release|Any CPU
	EndGlobalSection
	GlobalSection(SolutionProperties) = preSolution
		HideSolutionNode = FALSE
	EndGlobalSection
	GlobalSection(ExtensibilityGlobals) = postSolution
		SolutionGuid = {47EC891F-FD79-405A-98BB-6E00B2AFE332}
	EndGlobalSection
EndGlobal
